
Microsoft Visual Studio Solution File, Format Version 12.00
# Visual Studio Version 16
VisualStudioVersion = 16.0.30204.135
MinimumVisualStudioVersion = 10.0.40219.1
Project("{FAE04EC0-301F-11D3-BF4B-00C04F79EFBC}") = "UIManager", "UIManager\UIManager.csproj", "{C8DF6680-C0DD-46F5-821A-0AB875C88BE8}"
EndProject
Project("{FAE04EC0-301F-11D3-BF4B-00C04F79EFBC}") = "MemoryGame", "MemoryGame\MemoryGame.csproj", "{18B0421A-5AED-40D6-9273-8AA21DB488C3}"
EndProject
Global
	GlobalSection(SolutionConfigurationPlatforms) = preSolution
		Debug|Any CPU = Debug|Any CPU
		Release|Any CPU = Release|Any CPU
	EndGlobalSection
	GlobalSection(ProjectConfigurationPlatforms) = postSolution
		{C8DF6680-C0DD-46F5-821A-0AB875C88BE8}.Debug|Any CPU.ActiveCfg = Debug|Any CPU
		{C8DF6680-C0DD-46F5-821A-0AB875C88BE8}.Debug|Any CPU.Build.0 = Debug|Any CPU
		{C8DF6680-C0DD-46F5-821A-0AB875C88BE8}.Release|Any CPU.ActiveCfg = Release|Any CPU
		{C8DF6680-C0DD-46F5-821A-0AB875C88BE8}.Release|Any CPU.Build.0 = Release|Any CPU
		{18B0421A-5AED-40D6-9273-8AA21DB488C3}.Debug|Any CPU.ActiveCfg = Debug|Any CPU
		{18B0421A-5AED-40D6-9273-8AA21DB488C3}.Debug|Any CPU.Build.0 = Debug|Any CPU
		{18B0421A-5AED-40D6-9273-8AA21DB488C3}.Release|Any CPU.ActiveCfg = Release|Any CPU
		{18B0421A-5AED-40D6-9273-8AA21DB488C3}.Release|Any CPU.Build.0 = Release|Any CPU
	EndGlobalSection
	GlobalSection(SolutionProperties) = preSolution
		HideSolutionNode = FALSE
	EndGlobalSection
	GlobalSection(ExtensibilityGlobals) = postSolution
		SolutionGuid = {22B6F213-E5FB-4F31-8853-6EF9BC6B21E7}
	EndGlobalSection
EndGlobal
